// !$*UTF8*$!
{
	archiveVersion = 1;
	classes = {
	};
	objectVersion = 46;
	objects = {

/* Begin PBXBuildFile section */
		6564B0FB16ECF93100BE2119 /* UIKit.framework in Frameworks */ = {isa = PBXBuildFile; fileRef = 6564B0FA16ECF93100BE2119 /* UIKit.framework */; };
		6564B0FD16ECF93100BE2119 /* Foundation.framework in Frameworks */ = {isa = PBXBuildFile; fileRef = 6564B0FC16ECF93100BE2119 /* Foundation.framework */; };
		6564B0FF16ECF93100BE2119 /* CoreGraphics.framework in Frameworks */ = {isa = PBXBuildFile; fileRef = 6564B0FE16ECF93100BE2119 /* CoreGraphics.framework */; };
		6564B10516ECF93100BE2119 /* InfoPlist.strings in Resources */ = {isa = PBXBuildFile; fileRef = 6564B10316ECF93100BE2119 /* InfoPlist.strings */; };
		6564B10716ECF93100BE2119 /* main.m in Sources */ = {isa = PBXBuildFile; fileRef = 6564B10616ECF93100BE2119 /* main.m */; };
		6564B10B16ECF93100BE2119 /* DNTAppDelegate.m in Sources */ = {isa = PBXBuildFile; fileRef = 6564B10A16ECF93100BE2119 /* DNTAppDelegate.m */; };
		6564B10D16ECF93100BE2119 /* Default.png in Resources */ = {isa = PBXBuildFile; fileRef = 6564B10C16ECF93100BE2119 /* Default.png */; };
		6564B10F16ECF93100BE2119 /* Default@2x.png in Resources */ = {isa = PBXBuildFile; fileRef = 6564B10E16ECF93100BE2119 /* Default@2x.png */; };
		6564B11116ECF93100BE2119 /* Default-568h@2x.png in Resources */ = {isa = PBXBuildFile; fileRef = 6564B11016ECF93100BE2119 /* Default-568h@2x.png */; };
		6564B11916ECF93200BE2119 /* SenTestingKit.framework in Frameworks */ = {isa = PBXBuildFile; fileRef = 6564B11816ECF93200BE2119 /* SenTestingKit.framework */; };
		6564B11A16ECF93200BE2119 /* UIKit.framework in Frameworks */ = {isa = PBXBuildFile; fileRef = 6564B0FA16ECF93100BE2119 /* UIKit.framework */; };
		6564B11B16ECF93200BE2119 /* Foundation.framework in Frameworks */ = {isa = PBXBuildFile; fileRef = 6564B0FC16ECF93100BE2119 /* Foundation.framework */; };
		6564B12316ECF93200BE2119 /* InfoPlist.strings in Resources */ = {isa = PBXBuildFile; fileRef = 6564B12116ECF93200BE2119 /* InfoPlist.strings */; };
		6564B13216ECF9ED00BE2119 /* DNTSlidingPanesController.m in Sources */ = {isa = PBXBuildFile; fileRef = 6564B13116ECF9ED00BE2119 /* DNTSlidingPanesController.m */; };
		6564B13516ED03C100BE2119 /* DNTDemoViewController.m in Sources */ = {isa = PBXBuildFile; fileRef = 6564B13416ED03C100BE2119 /* DNTDemoViewController.m */; };
		6564B13816ED052900BE2119 /* UIColor+DNTSlidingPanes.m in Sources */ = {isa = PBXBuildFile; fileRef = 6564B13716ED052900BE2119 /* UIColor+DNTSlidingPanes.m */; };
		6564B13B16ED340000BE2119 /* DNTSlidingPanesControllerTests.m in Sources */ = {isa = PBXBuildFile; fileRef = 6564B13A16ED340000BE2119 /* DNTSlidingPanesControllerTests.m */; };
		6564B13D16ED399C00BE2119 /* libOCMock.a in Frameworks */ = {isa = PBXBuildFile; fileRef = 6564B13C16ED399C00BE2119 /* libOCMock.a */; };
/* End PBXBuildFile section */

/* Begin PBXContainerItemProxy section */
		6564B11C16ECF93200BE2119 /* PBXContainerItemProxy */ = {
			isa = PBXContainerItemProxy;
			containerPortal = 6564B0EF16ECF93100BE2119 /* Project object */;
			proxyType = 1;
			remoteGlobalIDString = 6564B0F616ECF93100BE2119;
			remoteInfo = DNTSlidingPanes;
		};
/* End PBXContainerItemProxy section */

/* Begin PBXFileReference section */
		6564B0F716ECF93100BE2119 /* DNTSlidingPanes.app */ = {isa = PBXFileReference; explicitFileType = wrapper.application; includeInIndex = 0; path = DNTSlidingPanes.app; sourceTree = BUILT_PRODUCTS_DIR; };
		6564B0FA16ECF93100BE2119 /* UIKit.framework */ = {isa = PBXFileReference; lastKnownFileType = wrapper.framework; name = UIKit.framework; path = System/Library/Frameworks/UIKit.framework; sourceTree = SDKROOT; };
		6564B0FC16ECF93100BE2119 /* Foundation.framework */ = {isa = PBXFileReference; lastKnownFileType = wrapper.framework; name = Foundation.framework; path = System/Library/Frameworks/Foundation.framework; sourceTree = SDKROOT; };
		6564B0FE16ECF93100BE2119 /* CoreGraphics.framework */ = {isa = PBXFileReference; lastKnownFileType = wrapper.framework; name = CoreGraphics.framework; path = System/Library/Frameworks/CoreGraphics.framework; sourceTree = SDKROOT; };
		6564B10216ECF93100BE2119 /* DNTSlidingPanes-Info.plist */ = {isa = PBXFileReference; lastKnownFileType = text.plist.xml; path = "DNTSlidingPanes-Info.plist"; sourceTree = "<group>"; };
		6564B10416ECF93100BE2119 /* en */ = {isa = PBXFileReference; lastKnownFileType = text.plist.strings; name = en; path = en.lproj/InfoPlist.strings; sourceTree = "<group>"; };
		6564B10616ECF93100BE2119 /* main.m */ = {isa = PBXFileReference; lastKnownFileType = sourcecode.c.objc; path = main.m; sourceTree = "<group>"; };
		6564B10816ECF93100BE2119 /* DNTSlidingPanes-Prefix.pch */ = {isa = PBXFileReference; lastKnownFileType = sourcecode.c.h; path = "DNTSlidingPanes-Prefix.pch"; sourceTree = "<group>"; };
		6564B10916ECF93100BE2119 /* DNTAppDelegate.h */ = {isa = PBXFileReference; lastKnownFileType = sourcecode.c.h; path = DNTAppDelegate.h; sourceTree = "<group>"; };
		6564B10A16ECF93100BE2119 /* DNTAppDelegate.m */ = {isa = PBXFileReference; lastKnownFileType = sourcecode.c.objc; path = DNTAppDelegate.m; sourceTree = "<group>"; };
		6564B10C16ECF93100BE2119 /* Default.png */ = {isa = PBXFileReference; lastKnownFileType = image.png; path = Default.png; sourceTree = "<group>"; };
		6564B10E16ECF93100BE2119 /* Default@2x.png */ = {isa = PBXFileReference; lastKnownFileType = image.png; path = "Default@2x.png"; sourceTree = "<group>"; };
		6564B11016ECF93100BE2119 /* Default-568h@2x.png */ = {isa = PBXFileReference; lastKnownFileType = image.png; path = "Default-568h@2x.png"; sourceTree = "<group>"; };
		6564B11716ECF93200BE2119 /* DNTSlidingPanesTests.octest */ = {isa = PBXFileReference; explicitFileType = wrapper.cfbundle; includeInIndex = 0; path = DNTSlidingPanesTests.octest; sourceTree = BUILT_PRODUCTS_DIR; };
		6564B11816ECF93200BE2119 /* SenTestingKit.framework */ = {isa = PBXFileReference; lastKnownFileType = wrapper.framework; name = SenTestingKit.framework; path = Library/Frameworks/SenTestingKit.framework; sourceTree = DEVELOPER_DIR; };
		6564B12016ECF93200BE2119 /* DNTSlidingPanesTests-Info.plist */ = {isa = PBXFileReference; lastKnownFileType = text.plist.xml; path = "DNTSlidingPanesTests-Info.plist"; sourceTree = "<group>"; };
		6564B12216ECF93200BE2119 /* en */ = {isa = PBXFileReference; lastKnownFileType = text.plist.strings; name = en; path = en.lproj/InfoPlist.strings; sourceTree = "<group>"; };
		6564B13016ECF9ED00BE2119 /* DNTSlidingPanesController.h */ = {isa = PBXFileReference; fileEncoding = 4; lastKnownFileType = sourcecode.c.h; name = DNTSlidingPanesController.h; path = Classes/DNTSlidingPanesController.h; sourceTree = "<group>"; };
		6564B13116ECF9ED00BE2119 /* DNTSlidingPanesController.m */ = {isa = PBXFileReference; fileEncoding = 4; lastKnownFileType = sourcecode.c.objc; name = DNTSlidingPanesController.m; path = Classes/DNTSlidingPanesController.m; sourceTree = "<group>"; };
		6564B13316ED03C100BE2119 /* DNTDemoViewController.h */ = {isa = PBXFileReference; fileEncoding = 4; lastKnownFileType = sourcecode.c.h; path = DNTDemoViewController.h; sourceTree = "<group>"; };
		6564B13416ED03C100BE2119 /* DNTDemoViewController.m */ = {isa = PBXFileReference; fileEncoding = 4; lastKnownFileType = sourcecode.c.objc; path = DNTDemoViewController.m; sourceTree = "<group>"; };
		6564B13616ED052900BE2119 /* UIColor+DNTSlidingPanes.h */ = {isa = PBXFileReference; fileEncoding = 4; lastKnownFileType = sourcecode.c.h; path = "UIColor+DNTSlidingPanes.h"; sourceTree = "<group>"; };
		6564B13716ED052900BE2119 /* UIColor+DNTSlidingPanes.m */ = {isa = PBXFileReference; fileEncoding = 4; lastKnownFileType = sourcecode.c.objc; path = "UIColor+DNTSlidingPanes.m"; sourceTree = "<group>"; };
		6564B13A16ED340000BE2119 /* DNTSlidingPanesControllerTests.m */ = {isa = PBXFileReference; fileEncoding = 4; lastKnownFileType = sourcecode.c.objc; path = DNTSlidingPanesControllerTests.m; sourceTree = "<group>"; };
		6564B13C16ED399C00BE2119 /* libOCMock.a */ = {isa = PBXFileReference; lastKnownFileType = archive.ar; name = libOCMock.a; path = Support/Libraries/libOCMock.a; sourceTree = SOURCE_ROOT; };
/* End PBXFileReference section */

/* Begin PBXFrameworksBuildPhase section */
		6564B0F416ECF93100BE2119 /* Frameworks */ = {
			isa = PBXFrameworksBuildPhase;
			buildActionMask = 2147483647;
			files = (
				6564B0FB16ECF93100BE2119 /* UIKit.framework in Frameworks */,
				6564B0FD16ECF93100BE2119 /* Foundation.framework in Frameworks */,
				6564B0FF16ECF93100BE2119 /* CoreGraphics.framework in Frameworks */,
			);
			runOnlyForDeploymentPostprocessing = 0;
		};
		6564B11316ECF93200BE2119 /* Frameworks */ = {
			isa = PBXFrameworksBuildPhase;
			buildActionMask = 2147483647;
			files = (
				6564B11916ECF93200BE2119 /* SenTestingKit.framework in Frameworks */,
				6564B11A16ECF93200BE2119 /* UIKit.framework in Frameworks */,
				6564B11B16ECF93200BE2119 /* Foundation.framework in Frameworks */,
				6564B13D16ED399C00BE2119 /* libOCMock.a in Frameworks */,
			);
			runOnlyForDeploymentPostprocessing = 0;
		};
/* End PBXFrameworksBuildPhase section */

/* Begin PBXGroup section */
		6564B0EE16ECF93100BE2119 = {
			isa = PBXGroup;
			children = (
				6564B12F16ECF99D00BE2119 /* Classes */,
				6564B10016ECF93100BE2119 /* DNTSlidingPanes */,
				6564B11E16ECF93200BE2119 /* DNTSlidingPanesTests */,
				6564B0F916ECF93100BE2119 /* Frameworks */,
				6564B0F816ECF93100BE2119 /* Products */,
			);
			sourceTree = "<group>";
		};
		6564B0F816ECF93100BE2119 /* Products */ = {
			isa = PBXGroup;
			children = (
				6564B0F716ECF93100BE2119 /* DNTSlidingPanes.app */,
				6564B11716ECF93200BE2119 /* DNTSlidingPanesTests.octest */,
			);
			name = Products;
			sourceTree = "<group>";
		};
		6564B0F916ECF93100BE2119 /* Frameworks */ = {
			isa = PBXGroup;
			children = (
				6564B0FA16ECF93100BE2119 /* UIKit.framework */,
				6564B0FC16ECF93100BE2119 /* Foundation.framework */,
				6564B0FE16ECF93100BE2119 /* CoreGraphics.framework */,
				6564B11816ECF93200BE2119 /* SenTestingKit.framework */,
			);
			name = Frameworks;
			sourceTree = "<group>";
		};
		6564B10016ECF93100BE2119 /* DNTSlidingPanes */ = {
			isa = PBXGroup;
			children = (
				6564B10916ECF93100BE2119 /* DNTAppDelegate.h */,
				6564B10A16ECF93100BE2119 /* DNTAppDelegate.m */,
				6564B13316ED03C100BE2119 /* DNTDemoViewController.h */,
				6564B13416ED03C100BE2119 /* DNTDemoViewController.m */,
				6564B13616ED052900BE2119 /* UIColor+DNTSlidingPanes.h */,
				6564B13716ED052900BE2119 /* UIColor+DNTSlidingPanes.m */,
				6564B10116ECF93100BE2119 /* Supporting Files */,
			);
			path = DNTSlidingPanes;
			sourceTree = "<group>";
		};
		6564B10116ECF93100BE2119 /* Supporting Files */ = {
			isa = PBXGroup;
			children = (
				6564B10216ECF93100BE2119 /* DNTSlidingPanes-Info.plist */,
				6564B10316ECF93100BE2119 /* InfoPlist.strings */,
				6564B10616ECF93100BE2119 /* main.m */,
				6564B10816ECF93100BE2119 /* DNTSlidingPanes-Prefix.pch */,
				6564B10C16ECF93100BE2119 /* Default.png */,
				6564B10E16ECF93100BE2119 /* Default@2x.png */,
				6564B11016ECF93100BE2119 /* Default-568h@2x.png */,
			);
			name = "Supporting Files";
			sourceTree = "<group>";
		};
		6564B11E16ECF93200BE2119 /* DNTSlidingPanesTests */ = {
			isa = PBXGroup;
			children = (
				6564B11F16ECF93200BE2119 /* Supporting Files */,
				6564B13A16ED340000BE2119 /* DNTSlidingPanesControllerTests.m */,
			);
			path = DNTSlidingPanesTests;
			sourceTree = "<group>";
		};
		6564B11F16ECF93200BE2119 /* Supporting Files */ = {
			isa = PBXGroup;
			children = (
				6564B13C16ED399C00BE2119 /* libOCMock.a */,
				6564B12016ECF93200BE2119 /* DNTSlidingPanesTests-Info.plist */,
				6564B12116ECF93200BE2119 /* InfoPlist.strings */,
			);
			name = "Supporting Files";
			sourceTree = "<group>";
		};
		6564B12F16ECF99D00BE2119 /* Classes */ = {
			isa = PBXGroup;
			children = (
				6564B13016ECF9ED00BE2119 /* DNTSlidingPanesController.h */,
				6564B13116ECF9ED00BE2119 /* DNTSlidingPanesController.m */,
			);
			name = Classes;
			sourceTree = "<group>";
		};
/* End PBXGroup section */

/* Begin PBXNativeTarget section */
		6564B0F616ECF93100BE2119 /* DNTSlidingPanes */ = {
			isa = PBXNativeTarget;
			buildConfigurationList = 6564B12916ECF93200BE2119 /* Build configuration list for PBXNativeTarget "DNTSlidingPanes" */;
			buildPhases = (
				6564B0F316ECF93100BE2119 /* Sources */,
				6564B0F416ECF93100BE2119 /* Frameworks */,
				6564B0F516ECF93100BE2119 /* Resources */,
			);
			buildRules = (
			);
			dependencies = (
			);
			name = DNTSlidingPanes;
			productName = DNTSlidingPanes;
			productReference = 6564B0F716ECF93100BE2119 /* DNTSlidingPanes.app */;
			productType = "com.apple.product-type.application";
		};
		6564B11616ECF93200BE2119 /* DNTSlidingPanesTests */ = {
			isa = PBXNativeTarget;
			buildConfigurationList = 6564B12C16ECF93200BE2119 /* Build configuration list for PBXNativeTarget "DNTSlidingPanesTests" */;
			buildPhases = (
				6564B11216ECF93200BE2119 /* Sources */,
				6564B11316ECF93200BE2119 /* Frameworks */,
				6564B11416ECF93200BE2119 /* Resources */,
				6564B11516ECF93200BE2119 /* ShellScript */,
			);
			buildRules = (
			);
			dependencies = (
				6564B11D16ECF93200BE2119 /* PBXTargetDependency */,
			);
			name = DNTSlidingPanesTests;
			productName = DNTSlidingPanesTests;
			productReference = 6564B11716ECF93200BE2119 /* DNTSlidingPanesTests.octest */;
			productType = "com.apple.product-type.bundle";
		};
/* End PBXNativeTarget section */

/* Begin PBXProject section */
		6564B0EF16ECF93100BE2119 /* Project object */ = {
			isa = PBXProject;
			attributes = {
				CLASSPREFIX = DNT;
				LastUpgradeCheck = 0460;
				ORGANIZATIONNAME = "Daniel Thorpe";
			};
			buildConfigurationList = 6564B0F216ECF93100BE2119 /* Build configuration list for PBXProject "DNTSlidingPanes" */;
			compatibilityVersion = "Xcode 3.2";
			developmentRegion = English;
			hasScannedForEncodings = 0;
			knownRegions = (
				en,
			);
			mainGroup = 6564B0EE16ECF93100BE2119;
			productRefGroup = 6564B0F816ECF93100BE2119 /* Products */;
			projectDirPath = "";
			projectRoot = "";
			targets = (
				6564B0F616ECF93100BE2119 /* DNTSlidingPanes */,
				6564B11616ECF93200BE2119 /* DNTSlidingPanesTests */,
			);
		};
/* End PBXProject section */

/* Begin PBXResourcesBuildPhase section */
		6564B0F516ECF93100BE2119 /* Resources */ = {
			isa = PBXResourcesBuildPhase;
			buildActionMask = 2147483647;
			files = (
				6564B10516ECF93100BE2119 /* InfoPlist.strings in Resources */,
				6564B10D16ECF93100BE2119 /* Default.png in Resources */,
				6564B10F16ECF93100BE2119 /* Default@2x.png in Resources */,
				6564B11116ECF93100BE2119 /* Default-568h@2x.png in Resources */,
			);
			runOnlyForDeploymentPostprocessing = 0;
		};
		6564B11416ECF93200BE2119 /* Resources */ = {
			isa = PBXResourcesBuildPhase;
			buildActionMask = 2147483647;
			files = (
				6564B12316ECF93200BE2119 /* InfoPlist.strings in Resources */,
			);
			runOnlyForDeploymentPostprocessing = 0;
		};
/* End PBXResourcesBuildPhase section */

/* Begin PBXShellScriptBuildPhase section */
		6564B11516ECF93200BE2119 /* ShellScript */ = {
			isa = PBXShellScriptBuildPhase;
			buildActionMask = 2147483647;
			files = (
			);
			inputPaths = (
			);
			outputPaths = (
			);
			runOnlyForDeploymentPostprocessing = 0;
			shellPath = /bin/sh;
			shellScript = "# Run the unit tests in this test bundle.\n\"${SYSTEM_DEVELOPER_DIR}/Tools/RunUnitTests\"\n";
		};
/* End PBXShellScriptBuildPhase section */

/* Begin PBXSourcesBuildPhase section */
		6564B0F316ECF93100BE2119 /* Sources */ = {
			isa = PBXSourcesBuildPhase;
			buildActionMask = 2147483647;
			files = (
				6564B10716ECF93100BE2119 /* main.m in Sources */,
				6564B10B16ECF93100BE2119 /* DNTAppDelegate.m in Sources */,
				6564B13216ECF9ED00BE2119 /* DNTSlidingPanesController.m in Sources */,
				6564B13516ED03C100BE2119 /* DNTDemoViewController.m in Sources */,
				6564B13816ED052900BE2119 /* UIColor+DNTSlidingPanes.m in Sources */,
			);
			runOnlyForDeploymentPostprocessing = 0;
		};
		6564B11216ECF93200BE2119 /* Sources */ = {
			isa = PBXSourcesBuildPhase;
			buildActionMask = 2147483647;
			files = (
				6564B13B16ED340000BE2119 /* DNTSlidingPanesControllerTests.m in Sources */,
			);
			runOnlyForDeploymentPostprocessing = 0;
		};
/* End PBXSourcesBuildPhase section */

/* Begin PBXTargetDependency section */
		6564B11D16ECF93200BE2119 /* PBXTargetDependency */ = {
			isa = PBXTargetDependency;
			target = 6564B0F616ECF93100BE2119 /* DNTSlidingPanes */;
			targetProxy = 6564B11C16ECF93200BE2119 /* PBXContainerItemProxy */;
		};
/* End PBXTargetDependency section */

/* Begin PBXVariantGroup section */
		6564B10316ECF93100BE2119 /* InfoPlist.strings */ = {
			isa = PBXVariantGroup;
			children = (
				6564B10416ECF93100BE2119 /* en */,
			);
			name = InfoPlist.strings;
			sourceTree = "<group>";
		};
		6564B12116ECF93200BE2119 /* InfoPlist.strings */ = {
			isa = PBXVariantGroup;
			children = (
				6564B12216ECF93200BE2119 /* en */,
			);
			name = InfoPlist.strings;
			sourceTree = "<group>";
		};
/* End PBXVariantGroup section */

/* Begin XCBuildConfiguration section */
		6564B12716ECF93200BE2119 /* Debug */ = {
			isa = XCBuildConfiguration;
			buildSettings = {
				ALWAYS_SEARCH_USER_PATHS = NO;
				CLANG_CXX_LANGUAGE_STANDARD = "gnu++0x";
				CLANG_CXX_LIBRARY = "libc++";
				CLANG_ENABLE_OBJC_ARC = YES;
				CLANG_WARN_CONSTANT_CONVERSION = YES;
				CLANG_WARN_EMPTY_BODY = YES;
				CLANG_WARN_ENUM_CONVERSION = YES;
				CLANG_WARN_INT_CONVERSION = YES;
				CLANG_WARN__DUPLICATE_METHOD_MATCH = YES;
				CODE_SIGN_IDENTITY = "iPhone Developer";
				"CODE_SIGN_IDENTITY[sdk=iphoneos*]" = "iPhone Developer";
				COPY_PHASE_STRIP = NO;
				GCC_C_LANGUAGE_STANDARD = gnu99;
				GCC_DYNAMIC_NO_PIC = NO;
				GCC_OPTIMIZATION_LEVEL = 0;
				GCC_PREPROCESSOR_DEFINITIONS = (
					"DEBUG=1",
					"$(inherited)",
				);
				GCC_SYMBOLS_PRIVATE_EXTERN = NO;
				GCC_WARN_ABOUT_RETURN_TYPE = YES;
				GCC_WARN_UNINITIALIZED_AUTOS = YES;
				GCC_WARN_UNUSED_VARIABLE = YES;
				IPHONEOS_DEPLOYMENT_TARGET = 6.1;
				ONLY_ACTIVE_ARCH = YES;
				PROVISIONING_PROFILE = "";
				SDKROOT = iphoneos;
				TARGETED_DEVICE_FAMILY = "1,2";
			};
			name = Debug;
		};
		6564B12816ECF93200BE2119 /* Release */ = {
			isa = XCBuildConfiguration;
			buildSettings = {
				ALWAYS_SEARCH_USER_PATHS = NO;
				CLANG_CXX_LANGUAGE_STANDARD = "gnu++0x";
				CLANG_CXX_LIBRARY = "libc++";
				CLANG_ENABLE_OBJC_ARC = YES;
				CLANG_WARN_CONSTANT_CONVERSION = YES;
				CLANG_WARN_EMPTY_BODY = YES;
				CLANG_WARN_ENUM_CONVERSION = YES;
				CLANG_WARN_INT_CONVERSION = YES;
				CLANG_WARN__DUPLICATE_METHOD_MATCH = YES;
				CODE_SIGN_IDENTITY = "iPhone Developer";
				"CODE_SIGN_IDENTITY[sdk=iphoneos*]" = "iPhone Developer";
				COPY_PHASE_STRIP = YES;
				GCC_C_LANGUAGE_STANDARD = gnu99;
				GCC_WARN_ABOUT_RETURN_TYPE = YES;
				GCC_WARN_UNINITIALIZED_AUTOS = YES;
				GCC_WARN_UNUSED_VARIABLE = YES;
				IPHONEOS_DEPLOYMENT_TARGET = 6.1;
				OTHER_CFLAGS = "-DNS_BLOCK_ASSERTIONS=1";
				PROVISIONING_PROFILE = "";
				SDKROOT = iphoneos;
				TARGETED_DEVICE_FAMILY = "1,2";
				VALIDATE_PRODUCT = YES;
			};
			name = Release;
		};
		6564B12A16ECF93200BE2119 /* Debug */ = {
			isa = XCBuildConfiguration;
			buildSettings = {
				GCC_PRECOMPILE_PREFIX_HEADER = YES;
				GCC_PREFIX_HEADER = "DNTSlidingPanes/DNTSlidingPanes-Prefix.pch";
				INFOPLIST_FILE = "DNTSlidingPanes/DNTSlidingPanes-Info.plist";
				PRODUCT_NAME = "$(TARGET_NAME)";
				WRAPPER_EXTENSION = app;
			};
			name = Debug;
		};
		6564B12B16ECF93200BE2119 /* Release */ = {
			isa = XCBuildConfiguration;
			buildSettings = {
				GCC_PRECOMPILE_PREFIX_HEADER = YES;
				GCC_PREFIX_HEADER = "DNTSlidingPanes/DNTSlidingPanes-Prefix.pch";
				INFOPLIST_FILE = "DNTSlidingPanes/DNTSlidingPanes-Info.plist";
				PRODUCT_NAME = "$(TARGET_NAME)";
				WRAPPER_EXTENSION = app;
			};
			name = Release;
		};
		6564B12D16ECF93200BE2119 /* Debug */ = {
			isa = XCBuildConfiguration;
			buildSettings = {
				BUNDLE_LOADER = "$(BUILT_PRODUCTS_DIR)/DNTSlidingPanes.app/DNTSlidingPanes";
				FRAMEWORK_SEARCH_PATHS = (
					"\"$(SDKROOT)/Developer/Library/Frameworks\"",
					"\"$(DEVELOPER_LIBRARY_DIR)/Frameworks\"",
				);
				GCC_PRECOMPILE_PREFIX_HEADER = YES;
				GCC_PREFIX_HEADER = "DNTSlidingPanes/DNTSlidingPanes-Prefix.pch";
				HEADER_SEARCH_PATHS = "\"$(SRCROOT)/Support/Libraries/Headers\"";
				INFOPLIST_FILE = "DNTSlidingPanesTests/DNTSlidingPanesTests-Info.plist";
				LIBRARY_SEARCH_PATHS = (
					"$(inherited)",
					"\"$(SRCROOT)/Support/Libraries\"",
				);
				OTHER_LDFLAGS = (
					"-Objc",
					"-all_load",
				);
				PRODUCT_NAME = "$(TARGET_NAME)";
				TEST_HOST = "$(BUNDLE_LOADER)";
				WRAPPER_EXTENSION = octest;
			};
			name = Debug;
		};
		6564B12E16ECF93200BE2119 /* Release */ = {
			isa = XCBuildConfiguration;
			buildSettings = {
				BUNDLE_LOADER = "$(BUILT_PRODUCTS_DIR)/DNTSlidingPanes.app/DNTSlidingPanes";
				FRAMEWORK_SEARCH_PATHS = (
					"\"$(SDKROOT)/Developer/Library/Frameworks\"",
					"\"$(DEVELOPER_LIBRARY_DIR)/Frameworks\"",
				);
				GCC_PRECOMPILE_PREFIX_HEADER = YES;
				GCC_PREFIX_HEADER = "DNTSlidingPanes/DNTSlidingPanes-Prefix.pch";
				HEADER_SEARCH_PATHS = "\"$(SRCROOT)/Support/Libraries/Headers\"";
				INFOPLIST_FILE = "DNTSlidingPanesTests/DNTSlidingPanesTests-Info.plist";
				LIBRARY_SEARCH_PATHS = (
					"$(inherited)",
					"\"$(SRCROOT)/Support/Libraries\"",
				);
				OTHER_LDFLAGS = (
					"-Objc",
					"-all_load",
				);
				PRODUCT_NAME = "$(TARGET_NAME)";
				TEST_HOST = "$(BUNDLE_LOADER)";
				WRAPPER_EXTENSION = octest;
			};
			name = Release;
		};
/* End XCBuildConfiguration section */

/* Begin XCConfigurationList section */
		6564B0F216ECF93100BE2119 /* Build configuration list for PBXProject "DNTSlidingPanes" */ = {
			isa = XCConfigurationList;
			buildConfigurations = (
				6564B12716ECF93200BE2119 /* Debug */,
				6564B12816ECF93200BE2119 /* Release */,
			);
			defaultConfigurationIsVisible = 0;
			defaultConfigurationName = Release;
		};
		6564B12916ECF93200BE2119 /* Build configuration list for PBXNativeTarget "DNTSlidingPanes" */ = {
			isa = XCConfigurationList;
			buildConfigurations = (
				6564B12A16ECF93200BE2119 /* Debug */,
				6564B12B16ECF93200BE2119 /* Release */,
			);
			defaultConfigurationIsVisible = 0;
			defaultConfigurationName = Release;
		};
		6564B12C16ECF93200BE2119 /* Build configuration list for PBXNativeTarget "DNTSlidingPanesTests" */ = {
			isa = XCConfigurationList;
			buildConfigurations = (
				6564B12D16ECF93200BE2119 /* Debug */,
				6564B12E16ECF93200BE2119 /* Release */,
			);
			defaultConfigurationIsVisible = 0;
			defaultConfigurationName = Release;
		};
/* End XCConfigurationList section */
	};
	rootObject = 6564B0EF16ECF93100BE2119 /* Project object */;
}
